<?xml version="1.0" encoding="UTF-8" standalone="yes" ?>
<CodeBlocks_project_file>
	<FileVersion major="1" minor="6" />
	<Project>
		<Option title="Capture-the-Base" />
		<Option pch_mode="2" />
		<Option compiler="gcc" />
		<Build>
			<Target title="Debug">
				<Option output="bin/Debug/Capture-the-Base" prefix_auto="1" extension_auto="1" />
				<Option object_output="obj/Debug/" />
				<Option type="1" />
				<Option compiler="gcc" />
				<Compiler>
					<Add option="-g" />
				</Compiler>
			</Target>
			<Target title="Release">
				<Option output="bin/Release/Capture-the-Base" prefix_auto="1" extension_auto="1" />
				<Option object_output="obj/Release/" />
				<Option type="1" />
				<Option compiler="gcc" />
				<Compiler>
					<Add option="-O2" />
				</Compiler>
				<Linker>
					<Add option="-s" />
				</Linker>
			</Target>
		</Build>
		<Compiler>
			<Add option="-Wall" />
			<Add option="-fexceptions" />
		</Compiler>
		<Unit filename="libs/fmt/src/format.cc" />
		<Unit filename="libs/pugixml/src/pugixml.cpp" />
		<Unit filename="main.cpp" />
		<Unit filename="src/core/Application.cpp" />
		<Unit filename="src/core/Application.hpp" />
		<Unit filename="src/core/Asset.cpp" />
		<Unit filename="src/core/Asset.hpp" />
		<Unit filename="src/core/Assets.cpp" />
		<Unit filename="src/core/Assets.hpp" />
		<Unit filename="src/core/Factory.cpp" />
		<Unit filename="src/core/Factory.hpp" />
		<Unit filename="src/core/RenderVisualObjects.cpp" />
		<Unit filename="src/core/RenderVisualObjects.hpp" />
		<Unit filename="src/core/State.cpp" />
		<Unit filename="src/core/State.hpp" />
		<Unit filename="src/core/States.cpp" />
		<Unit filename="src/core/States.hpp" />
		<Unit filename="src/core/VisualObject.cpp" />
		<Unit filename="src/core/VisualObject.hpp" />
		<Unit filename="src/core/Window.cpp" />
		<Unit filename="src/core/Window.hpp" />
		<Unit filename="src/game/GameApplicationDelegate.cpp" />
		<Unit filename="src/game/GameApplicationDelegate.hpp" />
		<Unit filename="src/game/GameState.cpp" />
		<Unit filename="src/game/GameState.hpp" />
		<Extensions />
	</Project>
</CodeBlocks_project_file>
